
Microsoft Visual Studio Solution File, Format Version 12.00
# Visual Studio Version 16
VisualStudioVersion = 16.0.35826.135
MinimumVisualStudioVersion = 10.0.40219.1
Project("{FAE04EC0-301F-11D3-BF4B-00C04F79EFBC}") = "ScratchPad", "ScratchPad\ScratchPad.csproj", "{171EFBEA-0027-487D-9F30-21E25F21AADA}"
EndProject
Global
	GlobalSection(SolutionConfigurationPlatforms) = preSolution
		Debug|Any CPU = Debug|Any CPU
		Release|Any CPU = Release|Any CPU
	EndGlobalSection
	GlobalSection(ProjectConfigurationPlatforms) = postSolution
		{171EFBEA-0027-487D-9F30-21E25F21AADA}.Debug|Any CPU.ActiveCfg = Debug|Any CPU
		{171EFBEA-0027-487D-9F30-21E25F21AADA}.Debug|Any CPU.Build.0 = Debug|Any CPU
		{171EFBEA-0027-487D-9F30-21E25F21AADA}.Release|Any CPU.ActiveCfg = Release|Any CPU
		{171EFBEA-0027-487D-9F30-21E25F21AADA}.Release|Any CPU.Build.0 = Release|Any CPU
	EndGlobalSection
	GlobalSection(SolutionProperties) = preSolution
		HideSolutionNode = FALSE
	EndGlobalSection
	GlobalSection(ExtensibilityGlobals) = postSolution
		SolutionGuid = {E83FAF2A-4E01-4A5B-AA5B-4C077FA2056B}
	EndGlobalSection
EndGlobal
